
Microsoft Visual Studio Solution File, Format Version 11.00
# Visual Studio 2010
Project("{FAE04EC0-301F-11D3-BF4B-00C04F79EFBC}") = "CommonDocumentation.Content", "CommonDocumentation\Content.maml\CommonDocumentation.Content.csproj", "{E9DEA74D-81EB-45B5-89BC-FE3D269DC12E}"
EndProject
Project("{FAE04EC0-301F-11D3-BF4B-00C04F79EFBC}") = "DataPorter.Content", "PR26-DataPorter\Content.maml\DataPorter.Content.csproj", "{1F5CB858-F875-4A8F-AF3B-2578FB22ACFA}"
EndProject
Project("{FAE04EC0-301F-11D3-BF4B-00C04F79EFBC}") = "OPCViewer.Content", "PR30-OPCViewer\Content.maml\OPCViewer.Content.csproj", "{CA0AB3DB-7601-4ECD-9AB3-0595296A1C77}"
EndProject
Project("{FAE04EC0-301F-11D3-BF4B-00C04F79EFBC}") = "Schemas", "..\EX02-MAML\Sandcastle\Schemas\Schemas.csproj", "{45329FE0-9593-46D3-82C2-4AC9D18C7AD9}"
EndProject
Project("{FAE04EC0-301F-11D3-BF4B-00C04F79EFBC}") = "CommServer.Content", "PR21-CommServer\Content.maml\CommServer.Content.csproj", "{97F9B45D-77EF-4DAF-AF39-39E3B7AB7DF4}"
EndProject
Project("{FAE04EC0-301F-11D3-BF4B-00C04F79EFBC}") = "OPCUAebook.Content", "OPCUAebook\Content.maml\OPCUAebook.Content.csproj", "{DF569855-7C91-4C02-BBD9-907BEFD20197}"
EndProject
Project("{FAE04EC0-301F-11D3-BF4B-00C04F79EFBC}") = "ModelDesigner.Content", "PR32-ModelDesigner\Content.maml\ModelDesigner.Content.csproj", "{2EC2E992-920F-42C5-89F2-456B06BAED36}"
EndProject
Project("{FAE04EC0-301F-11D3-BF4B-00C04F79EFBC}") = "Tools.Content", "Tools\Content.maml\Tools.Content.csproj", "{05928409-D661-467A-860D-B45B9F560EBB}"
EndProject
Project("{FAE04EC0-301F-11D3-BF4B-00C04F79EFBC}") = "CommServerUA.Content", "PR33-CommServerUA\Content.maml\CommServerUA.Content.csproj", "{C942A5CD-8E6D-4A5E-BD36-BDAC4F4246C7}"
EndProject
Global
	GlobalSection(SolutionConfigurationPlatforms) = preSolution
		Debug|Any CPU = Debug|Any CPU
		Debug|Mixed Platforms = Debug|Mixed Platforms
		Debug|x86 = Debug|x86
		Release|Any CPU = Release|Any CPU
		Release|Mixed Platforms = Release|Mixed Platforms
		Release|x86 = Release|x86
	EndGlobalSection
	GlobalSection(ProjectConfigurationPlatforms) = postSolution
		{E9DEA74D-81EB-45B5-89BC-FE3D269DC12E}.Debug|Any CPU.ActiveCfg = Debug|Any CPU
		{E9DEA74D-81EB-45B5-89BC-FE3D269DC12E}.Debug|Any CPU.Build.0 = Debug|Any CPU
		{E9DEA74D-81EB-45B5-89BC-FE3D269DC12E}.Debug|Mixed Platforms.ActiveCfg = Debug|Any CPU
		{E9DEA74D-81EB-45B5-89BC-FE3D269DC12E}.Debug|Mixed Platforms.Build.0 = Debug|Any CPU
		{E9DEA74D-81EB-45B5-89BC-FE3D269DC12E}.Debug|x86.ActiveCfg = Debug|Any CPU
		{E9DEA74D-81EB-45B5-89BC-FE3D269DC12E}.Release|Any CPU.ActiveCfg = Release|Any CPU
		{E9DEA74D-81EB-45B5-89BC-FE3D269DC12E}.Release|Any CPU.Build.0 = Release|Any CPU
		{E9DEA74D-81EB-45B5-89BC-FE3D269DC12E}.Release|Mixed Platforms.ActiveCfg = Release|Any CPU
		{E9DEA74D-81EB-45B5-89BC-FE3D269DC12E}.Release|Mixed Platforms.Build.0 = Release|Any CPU
		{E9DEA74D-81EB-45B5-89BC-FE3D269DC12E}.Release|x86.ActiveCfg = Release|Any CPU
		{1F5CB858-F875-4A8F-AF3B-2578FB22ACFA}.Debug|Any CPU.ActiveCfg = Debug|Any CPU
		{1F5CB858-F875-4A8F-AF3B-2578FB22ACFA}.Debug|Any CPU.Build.0 = Debug|Any CPU
		{1F5CB858-F875-4A8F-AF3B-2578FB22ACFA}.Debug|Mixed Platforms.ActiveCfg = Debug|Any CPU
		{1F5CB858-F875-4A8F-AF3B-2578FB22ACFA}.Debug|Mixed Platforms.Build.0 = Debug|Any CPU
		{1F5CB858-F875-4A8F-AF3B-2578FB22ACFA}.Debug|x86.ActiveCfg = Debug|Any CPU
		{1F5CB858-F875-4A8F-AF3B-2578FB22ACFA}.Release|Any CPU.ActiveCfg = Release|Any CPU
		{1F5CB858-F875-4A8F-AF3B-2578FB22ACFA}.Release|Any CPU.Build.0 = Release|Any CPU
		{1F5CB858-F875-4A8F-AF3B-2578FB22ACFA}.Release|Mixed Platforms.ActiveCfg = Release|Any CPU
		{1F5CB858-F875-4A8F-AF3B-2578FB22ACFA}.Release|Mixed Platforms.Build.0 = Release|Any CPU
		{1F5CB858-F875-4A8F-AF3B-2578FB22ACFA}.Release|x86.ActiveCfg = Release|Any CPU
		{CA0AB3DB-7601-4ECD-9AB3-0595296A1C77}.Debug|Any CPU.ActiveCfg = Debug|Any CPU
		{CA0AB3DB-7601-4ECD-9AB3-0595296A1C77}.Debug|Any CPU.Build.0 = Debug|Any CPU
		{CA0AB3DB-7601-4ECD-9AB3-0595296A1C77}.Debug|Mixed Platforms.ActiveCfg = Debug|Any CPU
		{CA0AB3DB-7601-4ECD-9AB3-0595296A1C77}.Debug|Mixed Platforms.Build.0 = Debug|Any CPU
		{CA0AB3DB-7601-4ECD-9AB3-0595296A1C77}.Debug|x86.ActiveCfg = Debug|Any CPU
		{CA0AB3DB-7601-4ECD-9AB3-0595296A1C77}.Release|Any CPU.ActiveCfg = Release|Any CPU
		{CA0AB3DB-7601-4ECD-9AB3-0595296A1C77}.Release|Any CPU.Build.0 = Release|Any CPU
		{CA0AB3DB-7601-4ECD-9AB3-0595296A1C77}.Release|Mixed Platforms.ActiveCfg = Release|Any CPU
		{CA0AB3DB-7601-4ECD-9AB3-0595296A1C77}.Release|Mixed Platforms.Build.0 = Release|Any CPU
		{CA0AB3DB-7601-4ECD-9AB3-0595296A1C77}.Release|x86.ActiveCfg = Release|Any CPU
		{45329FE0-9593-46D3-82C2-4AC9D18C7AD9}.Debug|Any CPU.ActiveCfg = Debug|Any CPU
		{45329FE0-9593-46D3-82C2-4AC9D18C7AD9}.Debug|Any CPU.Build.0 = Debug|Any CPU
		{45329FE0-9593-46D3-82C2-4AC9D18C7AD9}.Debug|Mixed Platforms.ActiveCfg = Debug|Any CPU
		{45329FE0-9593-46D3-82C2-4AC9D18C7AD9}.Debug|Mixed Platforms.Build.0 = Debug|Any CPU
		{45329FE0-9593-46D3-82C2-4AC9D18C7AD9}.Debug|x86.ActiveCfg = Debug|Any CPU
		{45329FE0-9593-46D3-82C2-4AC9D18C7AD9}.Release|Any CPU.ActiveCfg = Release|Any CPU
		{45329FE0-9593-46D3-82C2-4AC9D18C7AD9}.Release|Any CPU.Build.0 = Release|Any CPU
		{45329FE0-9593-46D3-82C2-4AC9D18C7AD9}.Release|Mixed Platforms.ActiveCfg = Release|Any CPU
		{45329FE0-9593-46D3-82C2-4AC9D18C7AD9}.Release|Mixed Platforms.Build.0 = Release|Any CPU
		{45329FE0-9593-46D3-82C2-4AC9D18C7AD9}.Release|x86.ActiveCfg = Release|Any CPU
		{97F9B45D-77EF-4DAF-AF39-39E3B7AB7DF4}.Debug|Any CPU.ActiveCfg = Debug|Any CPU
		{97F9B45D-77EF-4DAF-AF39-39E3B7AB7DF4}.Debug|Any CPU.Build.0 = Debug|Any CPU
		{97F9B45D-77EF-4DAF-AF39-39E3B7AB7DF4}.Debug|Mixed Platforms.ActiveCfg = Debug|Any CPU
		{97F9B45D-77EF-4DAF-AF39-39E3B7AB7DF4}.Debug|Mixed Platforms.Build.0 = Debug|Any CPU
		{97F9B45D-77EF-4DAF-AF39-39E3B7AB7DF4}.Debug|x86.ActiveCfg = Debug|Any CPU
		{97F9B45D-77EF-4DAF-AF39-39E3B7AB7DF4}.Release|Any CPU.ActiveCfg = Release|Any CPU
		{97F9B45D-77EF-4DAF-AF39-39E3B7AB7DF4}.Release|Any CPU.Build.0 = Release|Any CPU
		{97F9B45D-77EF-4DAF-AF39-39E3B7AB7DF4}.Release|Mixed Platforms.ActiveCfg = Release|Any CPU
		{97F9B45D-77EF-4DAF-AF39-39E3B7AB7DF4}.Release|Mixed Platforms.Build.0 = Release|Any CPU
		{97F9B45D-77EF-4DAF-AF39-39E3B7AB7DF4}.Release|x86.ActiveCfg = Release|Any CPU
		{DF569855-7C91-4C02-BBD9-907BEFD20197}.Debug|Any CPU.ActiveCfg = Debug|Any CPU
		{DF569855-7C91-4C02-BBD9-907BEFD20197}.Debug|Any CPU.Build.0 = Debug|Any CPU
		{DF569855-7C91-4C02-BBD9-907BEFD20197}.Debug|Mixed Platforms.ActiveCfg = Debug|Any CPU
		{DF569855-7C91-4C02-BBD9-907BEFD20197}.Debug|Mixed Platforms.Build.0 = Debug|Any CPU
		{DF569855-7C91-4C02-BBD9-907BEFD20197}.Debug|x86.ActiveCfg = Debug|Any CPU
		{DF569855-7C91-4C02-BBD9-907BEFD20197}.Release|Any CPU.ActiveCfg = Release|Any CPU
		{DF569855-7C91-4C02-BBD9-907BEFD20197}.Release|Any CPU.Build.0 = Release|Any CPU
		{DF569855-7C91-4C02-BBD9-907BEFD20197}.Release|Mixed Platforms.ActiveCfg = Release|Any CPU
		{DF569855-7C91-4C02-BBD9-907BEFD20197}.Release|Mixed Platforms.Build.0 = Release|Any CPU
		{DF569855-7C91-4C02-BBD9-907BEFD20197}.Release|x86.ActiveCfg = Release|Any CPU
		{2EC2E992-920F-42C5-89F2-456B06BAED36}.Debug|Any CPU.ActiveCfg = Debug|Any CPU
		{2EC2E992-920F-42C5-89F2-456B06BAED36}.Debug|Any CPU.Build.0 = Debug|Any CPU
		{2EC2E992-920F-42C5-89F2-456B06BAED36}.Debug|Mixed Platforms.ActiveCfg = Debug|Any CPU
		{2EC2E992-920F-42C5-89F2-456B06BAED36}.Debug|Mixed Platforms.Build.0 = Debug|Any CPU
		{2EC2E992-920F-42C5-89F2-456B06BAED36}.Debug|x86.ActiveCfg = Debug|Any CPU
		{2EC2E992-920F-42C5-89F2-456B06BAED36}.Release|Any CPU.ActiveCfg = Release|Any CPU
		{2EC2E992-920F-42C5-89F2-456B06BAED36}.Release|Any CPU.Build.0 = Release|Any CPU
		{2EC2E992-920F-42C5-89F2-456B06BAED36}.Release|Mixed Platforms.ActiveCfg = Release|Any CPU
		{2EC2E992-920F-42C5-89F2-456B06BAED36}.Release|Mixed Platforms.Build.0 = Release|Any CPU
		{2EC2E992-920F-42C5-89F2-456B06BAED36}.Release|x86.ActiveCfg = Release|Any CPU
		{05928409-D661-467A-860D-B45B9F560EBB}.Debug|Any CPU.ActiveCfg = Debug|x86
		{05928409-D661-467A-860D-B45B9F560EBB}.Debug|Mixed Platforms.ActiveCfg = Debug|x86
		{05928409-D661-467A-860D-B45B9F560EBB}.Debug|Mixed Platforms.Build.0 = Debug|x86
		{05928409-D661-467A-860D-B45B9F560EBB}.Debug|x86.ActiveCfg = Debug|x86
		{05928409-D661-467A-860D-B45B9F560EBB}.Debug|x86.Build.0 = Debug|x86
		{05928409-D661-467A-860D-B45B9F560EBB}.Release|Any CPU.ActiveCfg = Release|x86
		{05928409-D661-467A-860D-B45B9F560EBB}.Release|Mixed Platforms.ActiveCfg = Release|x86
		{05928409-D661-467A-860D-B45B9F560EBB}.Release|Mixed Platforms.Build.0 = Release|x86
		{05928409-D661-467A-860D-B45B9F560EBB}.Release|x86.ActiveCfg = Release|x86
		{05928409-D661-467A-860D-B45B9F560EBB}.Release|x86.Build.0 = Release|x86
		{C942A5CD-8E6D-4A5E-BD36-BDAC4F4246C7}.Debug|Any CPU.ActiveCfg = Debug|x86
		{C942A5CD-8E6D-4A5E-BD36-BDAC4F4246C7}.Debug|Mixed Platforms.ActiveCfg = Debug|x86
		{C942A5CD-8E6D-4A5E-BD36-BDAC4F4246C7}.Debug|Mixed Platforms.Build.0 = Debug|x86
		{C942A5CD-8E6D-4A5E-BD36-BDAC4F4246C7}.Debug|x86.ActiveCfg = Debug|x86
		{C942A5CD-8E6D-4A5E-BD36-BDAC4F4246C7}.Debug|x86.Build.0 = Debug|x86
		{C942A5CD-8E6D-4A5E-BD36-BDAC4F4246C7}.Release|Any CPU.ActiveCfg = Release|x86
		{C942A5CD-8E6D-4A5E-BD36-BDAC4F4246C7}.Release|Mixed Platforms.ActiveCfg = Release|x86
		{C942A5CD-8E6D-4A5E-BD36-BDAC4F4246C7}.Release|Mixed Platforms.Build.0 = Release|x86
		{C942A5CD-8E6D-4A5E-BD36-BDAC4F4246C7}.Release|x86.ActiveCfg = Release|x86
		{C942A5CD-8E6D-4A5E-BD36-BDAC4F4246C7}.Release|x86.Build.0 = Release|x86
	EndGlobalSection
	GlobalSection(SolutionProperties) = preSolution
		HideSolutionNode = FALSE
	EndGlobalSection
EndGlobal
